
Microsoft Visual Studio Solution File, Format Version 12.00
# Visual Studio Version 17
VisualStudioVersion = 17.12.35527.113
MinimumVisualStudioVersion = 10.0.40219.1
Project("{FAE04EC0-301F-11D3-BF4B-00C04F79EFBC}") = "BuilderPattern", "BuilderPattern\BuilderPattern.csproj", "{00159CAF-2825-4E9B-A606-694ECA9C342E}"
EndProject
Project("{FAE04EC0-301F-11D3-BF4B-00C04F79EFBC}") = "DecoratorPattern", "DecoratorPattern\DecoratorPattern.csproj", "{2025C82C-21DA-47A8-B1AE-7E011729A513}"
EndProject
Project("{FAE04EC0-301F-11D3-BF4B-00C04F79EFBC}") = "SingletonPattern", "SingletonPattern\SingletonPattern.csproj", "{778A01BA-C0A2-4739-A8CB-1E047EEEBF7C}"
EndProject
Project("{FAE04EC0-301F-11D3-BF4B-00C04F79EFBC}") = "AdapterPattern", "AdapterPattern\AdapterPattern.csproj", "{B26C7B84-672B-428A-AFE1-B32D3E6B1E5C}"
EndProject
Project("{FAE04EC0-301F-11D3-BF4B-00C04F79EFBC}") = "StrategyPattern", "StrategyPattern\StrategyPattern.csproj", "{5348A035-0FBB-46C5-A205-F9B5DCECD557}"
EndProject
Project("{FAE04EC0-301F-11D3-BF4B-00C04F79EFBC}") = "ObserverPattern", "ObserverPattern\ObserverPattern.csproj", "{E48DFCB8-A0FD-4E6A-94D3-BFDC51BE6F6F}"
EndProject
Project("{FAE04EC0-301F-11D3-BF4B-00C04F79EFBC}") = "ProxyPattern", "ProxyPattern\ProxyPattern.csproj", "{0F9D1042-C913-43B5-8DF5-1E0748882FE2}"
EndProject
Project("{FAE04EC0-301F-11D3-BF4B-00C04F79EFBC}") = "FactoryMethodPattern", "FactoryMethodPattern\FactoryMethodPattern.csproj", "{84C05A2B-12DB-46E3-8303-2153AB14B314}"
EndProject
Project("{FAE04EC0-301F-11D3-BF4B-00C04F79EFBC}") = "ChainOfResponsibilityPattern", "ChainOfResponsibilityPattern\ChainOfResponsibilityPattern.csproj", "{D73126CE-7760-4F7D-AE72-33C9373DB102}"
EndProject
Project("{FAE04EC0-301F-11D3-BF4B-00C04F79EFBC}") = "StatePattern", "StatePattern\StatePattern.csproj", "{879F8478-27B1-4723-A8F5-B9798347D4EC}"
EndProject
Global
	GlobalSection(SolutionConfigurationPlatforms) = preSolution
		Debug|Any CPU = Debug|Any CPU
		Release|Any CPU = Release|Any CPU
	EndGlobalSection
	GlobalSection(ProjectConfigurationPlatforms) = postSolution
		{00159CAF-2825-4E9B-A606-694ECA9C342E}.Debug|Any CPU.ActiveCfg = Debug|Any CPU
		{00159CAF-2825-4E9B-A606-694ECA9C342E}.Debug|Any CPU.Build.0 = Debug|Any CPU
		{00159CAF-2825-4E9B-A606-694ECA9C342E}.Release|Any CPU.ActiveCfg = Release|Any CPU
		{00159CAF-2825-4E9B-A606-694ECA9C342E}.Release|Any CPU.Build.0 = Release|Any CPU
		{2025C82C-21DA-47A8-B1AE-7E011729A513}.Debug|Any CPU.ActiveCfg = Debug|Any CPU
		{2025C82C-21DA-47A8-B1AE-7E011729A513}.Debug|Any CPU.Build.0 = Debug|Any CPU
		{2025C82C-21DA-47A8-B1AE-7E011729A513}.Release|Any CPU.ActiveCfg = Release|Any CPU
		{2025C82C-21DA-47A8-B1AE-7E011729A513}.Release|Any CPU.Build.0 = Release|Any CPU
		{778A01BA-C0A2-4739-A8CB-1E047EEEBF7C}.Debug|Any CPU.ActiveCfg = Debug|Any CPU
		{778A01BA-C0A2-4739-A8CB-1E047EEEBF7C}.Debug|Any CPU.Build.0 = Debug|Any CPU
		{778A01BA-C0A2-4739-A8CB-1E047EEEBF7C}.Release|Any CPU.ActiveCfg = Release|Any CPU
		{778A01BA-C0A2-4739-A8CB-1E047EEEBF7C}.Release|Any CPU.Build.0 = Release|Any CPU
		{B26C7B84-672B-428A-AFE1-B32D3E6B1E5C}.Debug|Any CPU.ActiveCfg = Debug|Any CPU
		{B26C7B84-672B-428A-AFE1-B32D3E6B1E5C}.Debug|Any CPU.Build.0 = Debug|Any CPU
		{B26C7B84-672B-428A-AFE1-B32D3E6B1E5C}.Release|Any CPU.ActiveCfg = Release|Any CPU
		{B26C7B84-672B-428A-AFE1-B32D3E6B1E5C}.Release|Any CPU.Build.0 = Release|Any CPU
		{5348A035-0FBB-46C5-A205-F9B5DCECD557}.Debug|Any CPU.ActiveCfg = Debug|Any CPU
		{5348A035-0FBB-46C5-A205-F9B5DCECD557}.Debug|Any CPU.Build.0 = Debug|Any CPU
		{5348A035-0FBB-46C5-A205-F9B5DCECD557}.Release|Any CPU.ActiveCfg = Release|Any CPU
		{5348A035-0FBB-46C5-A205-F9B5DCECD557}.Release|Any CPU.Build.0 = Release|Any CPU
		{E48DFCB8-A0FD-4E6A-94D3-BFDC51BE6F6F}.Debug|Any CPU.ActiveCfg = Debug|Any CPU
		{E48DFCB8-A0FD-4E6A-94D3-BFDC51BE6F6F}.Debug|Any CPU.Build.0 = Debug|Any CPU
		{E48DFCB8-A0FD-4E6A-94D3-BFDC51BE6F6F}.Release|Any CPU.ActiveCfg = Release|Any CPU
		{E48DFCB8-A0FD-4E6A-94D3-BFDC51BE6F6F}.Release|Any CPU.Build.0 = Release|Any CPU
		{0F9D1042-C913-43B5-8DF5-1E0748882FE2}.Debug|Any CPU.ActiveCfg = Debug|Any CPU
		{0F9D1042-C913-43B5-8DF5-1E0748882FE2}.Debug|Any CPU.Build.0 = Debug|Any CPU
		{0F9D1042-C913-43B5-8DF5-1E0748882FE2}.Release|Any CPU.ActiveCfg = Release|Any CPU
		{0F9D1042-C913-43B5-8DF5-1E0748882FE2}.Release|Any CPU.Build.0 = Release|Any CPU
		{84C05A2B-12DB-46E3-8303-2153AB14B314}.Debug|Any CPU.ActiveCfg = Debug|Any CPU
		{84C05A2B-12DB-46E3-8303-2153AB14B314}.Debug|Any CPU.Build.0 = Debug|Any CPU
		{84C05A2B-12DB-46E3-8303-2153AB14B314}.Release|Any CPU.ActiveCfg = Release|Any CPU
		{84C05A2B-12DB-46E3-8303-2153AB14B314}.Release|Any CPU.Build.0 = Release|Any CPU
		{D73126CE-7760-4F7D-AE72-33C9373DB102}.Debug|Any CPU.ActiveCfg = Debug|Any CPU
		{D73126CE-7760-4F7D-AE72-33C9373DB102}.Debug|Any CPU.Build.0 = Debug|Any CPU
		{D73126CE-7760-4F7D-AE72-33C9373DB102}.Release|Any CPU.ActiveCfg = Release|Any CPU
		{D73126CE-7760-4F7D-AE72-33C9373DB102}.Release|Any CPU.Build.0 = Release|Any CPU
		{879F8478-27B1-4723-A8F5-B9798347D4EC}.Debug|Any CPU.ActiveCfg = Debug|Any CPU
		{879F8478-27B1-4723-A8F5-B9798347D4EC}.Debug|Any CPU.Build.0 = Debug|Any CPU
		{879F8478-27B1-4723-A8F5-B9798347D4EC}.Release|Any CPU.ActiveCfg = Release|Any CPU
		{879F8478-27B1-4723-A8F5-B9798347D4EC}.Release|Any CPU.Build.0 = Release|Any CPU
	EndGlobalSection
	GlobalSection(SolutionProperties) = preSolution
		HideSolutionNode = FALSE
	EndGlobalSection
EndGlobal
